// !$*UTF8*$!
{
	archiveVersion = 1;
	classes = {
	};
	objectVersion = 51;
	objects = {

/* Begin PBXBuildFile section */
		322A609325F30A2D0051FC7C /* GoogleService-Info.plist in Resources */ = {isa = PBXBuildFile; fileRef = 322A609225F30A2D0051FC7C /* GoogleService-Info.plist */; };
		322A60AD25F30C6D0051FC7C /* TitleView.swift in Sources */ = {isa = PBXBuildFile; fileRef = 322A60AC25F30C6D0051FC7C /* TitleView.swift */; };
		322A60B225F30C7B0051FC7C /* AuthView.swift in Sources */ = {isa = PBXBuildFile; fileRef = 322A60B125F30C7B0051FC7C /* AuthView.swift */; };
		32BBFFB825F306B200CE4989 /* QlubbApp.swift in Sources */ = {isa = PBXBuildFile; fileRef = 32BBFFB725F306B200CE4989 /* QlubbApp.swift */; };
		32BBFFBA25F306B200CE4989 /* ContentView.swift in Sources */ = {isa = PBXBuildFile; fileRef = 32BBFFB925F306B200CE4989 /* ContentView.swift */; };
		32BBFFBC25F306B400CE4989 /* Assets.xcassets in Resources */ = {isa = PBXBuildFile; fileRef = 32BBFFBB25F306B400CE4989 /* Assets.xcassets */; };
		32BBFFBF25F306B400CE4989 /* Preview Assets.xcassets in Resources */ = {isa = PBXBuildFile; fileRef = 32BBFFBE25F306B400CE4989 /* Preview Assets.xcassets */; };
		32BBFFCA25F306B500CE4989 /* QlubbTests.swift in Sources */ = {isa = PBXBuildFile; fileRef = 32BBFFC925F306B500CE4989 /* QlubbTests.swift */; };
		32BBFFD525F306B500CE4989 /* QlubbUITests.swift in Sources */ = {isa = PBXBuildFile; fileRef = 32BBFFD425F306B500CE4989 /* QlubbUITests.swift */; };
		BD1A5CEC82F59021A572A3D4 /* Pods_Qlubb.framework in Frameworks */ = {isa = PBXBuildFile; fileRef = 45A229A9DD9FABA5081E3492 /* Pods_Qlubb.framework */; };
		ECD6D73CA8182DA522C38E87 /* Pods_QlubbTests.framework in Frameworks */ = {isa = PBXBuildFile; fileRef = 70ACAB0B57046FCE64C653CC /* Pods_QlubbTests.framework */; };
		F17292DA9A4357B841ED44A6 /* Pods_Qlubb_QlubbUITests.framework in Frameworks */ = {isa = PBXBuildFile; fileRef = BD8F60BCD35F5A21A209E08C /* Pods_Qlubb_QlubbUITests.framework */; };
/* End PBXBuildFile section */

/* Begin PBXContainerItemProxy section */
		32BBFFC625F306B500CE4989 /* PBXContainerItemProxy */ = {
			isa = PBXContainerItemProxy;
			containerPortal = 32BBFFAC25F306B200CE4989 /* Project object */;
			proxyType = 1;
			remoteGlobalIDString = 32BBFFB325F306B200CE4989;
			remoteInfo = Qlubb;
		};
		32BBFFD125F306B500CE4989 /* PBXContainerItemProxy */ = {
			isa = PBXContainerItemProxy;
			containerPortal = 32BBFFAC25F306B200CE4989 /* Project object */;
			proxyType = 1;
			remoteGlobalIDString = 32BBFFB325F306B200CE4989;
			remoteInfo = Qlubb;
		};
/* End PBXContainerItemProxy section */

/* Begin PBXFileReference section */
		2F0514FCA4AFF233E11E6216 /* Pods-Qlubb.debug.xcconfig */ = {isa = PBXFileReference; includeInIndex = 1; lastKnownFileType = text.xcconfig; name = "Pods-Qlubb.debug.xcconfig"; path = "Target Support Files/Pods-Qlubb/Pods-Qlubb.debug.xcconfig"; sourceTree = "<group>"; };
		322A609225F30A2D0051FC7C /* GoogleService-Info.plist */ = {isa = PBXFileReference; fileEncoding = 4; lastKnownFileType = text.plist.xml; name = "GoogleService-Info.plist"; path = "Qlubb/GoogleService-Info.plist"; sourceTree = "<group>"; };
		322A60AC25F30C6D0051FC7C /* TitleView.swift */ = {isa = PBXFileReference; lastKnownFileType = sourcecode.swift; path = TitleView.swift; sourceTree = "<group>"; };
		322A60B125F30C7B0051FC7C /* AuthView.swift */ = {isa = PBXFileReference; lastKnownFileType = sourcecode.swift; path = AuthView.swift; sourceTree = "<group>"; };
		32BBFFB425F306B200CE4989 /* Qlubb.app */ = {isa = PBXFileReference; explicitFileType = wrapper.application; includeInIndex = 0; path = Qlubb.app; sourceTree = BUILT_PRODUCTS_DIR; };
		32BBFFB725F306B200CE4989 /* QlubbApp.swift */ = {isa = PBXFileReference; lastKnownFileType = sourcecode.swift; path = QlubbApp.swift; sourceTree = "<group>"; };
		32BBFFB925F306B200CE4989 /* ContentView.swift */ = {isa = PBXFileReference; lastKnownFileType = sourcecode.swift; path = ContentView.swift; sourceTree = "<group>"; };
		32BBFFBB25F306B400CE4989 /* Assets.xcassets */ = {isa = PBXFileReference; lastKnownFileType = folder.assetcatalog; path = Assets.xcassets; sourceTree = "<group>"; };
		32BBFFBE25F306B400CE4989 /* Preview Assets.xcassets */ = {isa = PBXFileReference; lastKnownFileType = folder.assetcatalog; path = "Preview Assets.xcassets"; sourceTree = "<group>"; };
		32BBFFC025F306B400CE4989 /* Info.plist */ = {isa = PBXFileReference; lastKnownFileType = text.plist.xml; path = Info.plist; sourceTree = "<group>"; };
		32BBFFC525F306B500CE4989 /* QlubbTests.xctest */ = {isa = PBXFileReference; explicitFileType = wrapper.cfbundle; includeInIndex = 0; path = QlubbTests.xctest; sourceTree = BUILT_PRODUCTS_DIR; };
		32BBFFC925F306B500CE4989 /* QlubbTests.swift */ = {isa = PBXFileReference; lastKnownFileType = sourcecode.swift; path = QlubbTests.swift; sourceTree = "<group>"; };
		32BBFFCB25F306B500CE4989 /* Info.plist */ = {isa = PBXFileReference; lastKnownFileType = text.plist.xml; path = Info.plist; sourceTree = "<group>"; };
		32BBFFD025F306B500CE4989 /* QlubbUITests.xctest */ = {isa = PBXFileReference; explicitFileType = wrapper.cfbundle; includeInIndex = 0; path = QlubbUITests.xctest; sourceTree = BUILT_PRODUCTS_DIR; };
		32BBFFD425F306B500CE4989 /* QlubbUITests.swift */ = {isa = PBXFileReference; lastKnownFileType = sourcecode.swift; path = QlubbUITests.swift; sourceTree = "<group>"; };
		32BBFFD625F306B500CE4989 /* Info.plist */ = {isa = PBXFileReference; lastKnownFileType = text.plist.xml; path = Info.plist; sourceTree = "<group>"; };
		437AF3047D06E8B6C1920747 /* Pods-Qlubb-QlubbUITests.release.xcconfig */ = {isa = PBXFileReference; includeInIndex = 1; lastKnownFileType = text.xcconfig; name = "Pods-Qlubb-QlubbUITests.release.xcconfig"; path = "Target Support Files/Pods-Qlubb-QlubbUITests/Pods-Qlubb-QlubbUITests.release.xcconfig"; sourceTree = "<group>"; };
		45A229A9DD9FABA5081E3492 /* Pods_Qlubb.framework */ = {isa = PBXFileReference; explicitFileType = wrapper.framework; includeInIndex = 0; path = Pods_Qlubb.framework; sourceTree = BUILT_PRODUCTS_DIR; };
		70ACAB0B57046FCE64C653CC /* Pods_QlubbTests.framework */ = {isa = PBXFileReference; explicitFileType = wrapper.framework; includeInIndex = 0; path = Pods_QlubbTests.framework; sourceTree = BUILT_PRODUCTS_DIR; };
		9A2A71C8BAFA6593AABD0D83 /* Pods-QlubbTests.release.xcconfig */ = {isa = PBXFileReference; includeInIndex = 1; lastKnownFileType = text.xcconfig; name = "Pods-QlubbTests.release.xcconfig"; path = "Target Support Files/Pods-QlubbTests/Pods-QlubbTests.release.xcconfig"; sourceTree = "<group>"; };
		B4815EDBBC2D27F83AA8168E /* Pods-QlubbTests.debug.xcconfig */ = {isa = PBXFileReference; includeInIndex = 1; lastKnownFileType = text.xcconfig; name = "Pods-QlubbTests.debug.xcconfig"; path = "Target Support Files/Pods-QlubbTests/Pods-QlubbTests.debug.xcconfig"; sourceTree = "<group>"; };
		BD8F60BCD35F5A21A209E08C /* Pods_Qlubb_QlubbUITests.framework */ = {isa = PBXFileReference; explicitFileType = wrapper.framework; includeInIndex = 0; path = Pods_Qlubb_QlubbUITests.framework; sourceTree = BUILT_PRODUCTS_DIR; };
		DE9B6E73E2F1EBAB95C5DCE4 /* Pods-Qlubb-QlubbUITests.debug.xcconfig */ = {isa = PBXFileReference; includeInIndex = 1; lastKnownFileType = text.xcconfig; name = "Pods-Qlubb-QlubbUITests.debug.xcconfig"; path = "Target Support Files/Pods-Qlubb-QlubbUITests/Pods-Qlubb-QlubbUITests.debug.xcconfig"; sourceTree = "<group>"; };
		E205031403B4C8794C5F8BCE /* Pods-Qlubb.release.xcconfig */ = {isa = PBXFileReference; includeInIndex = 1; lastKnownFileType = text.xcconfig; name = "Pods-Qlubb.release.xcconfig"; path = "Target Support Files/Pods-Qlubb/Pods-Qlubb.release.xcconfig"; sourceTree = "<group>"; };
/* End PBXFileReference section */

/* Begin PBXFrameworksBuildPhase section */
		32BBFFB125F306B200CE4989 /* Frameworks */ = {
			isa = PBXFrameworksBuildPhase;
			buildActionMask = 2147483647;
			files = (
				BD1A5CEC82F59021A572A3D4 /* Pods_Qlubb.framework in Frameworks */,
			);
			runOnlyForDeploymentPostprocessing = 0;
		};
		32BBFFC225F306B500CE4989 /* Frameworks */ = {
			isa = PBXFrameworksBuildPhase;
			buildActionMask = 2147483647;
			files = (
				ECD6D73CA8182DA522C38E87 /* Pods_QlubbTests.framework in Frameworks */,
			);
			runOnlyForDeploymentPostprocessing = 0;
		};
		32BBFFCD25F306B500CE4989 /* Frameworks */ = {
			isa = PBXFrameworksBuildPhase;
			buildActionMask = 2147483647;
			files = (
				F17292DA9A4357B841ED44A6 /* Pods_Qlubb_QlubbUITests.framework in Frameworks */,
			);
			runOnlyForDeploymentPostprocessing = 0;
		};
/* End PBXFrameworksBuildPhase section */

/* Begin PBXGroup section */
		1D5608E17355B5B934FC1417 /* Frameworks */ = {
			isa = PBXGroup;
			children = (
				45A229A9DD9FABA5081E3492 /* Pods_Qlubb.framework */,
				BD8F60BCD35F5A21A209E08C /* Pods_Qlubb_QlubbUITests.framework */,
				70ACAB0B57046FCE64C653CC /* Pods_QlubbTests.framework */,
			);
			name = Frameworks;
			sourceTree = "<group>";
		};
		322A60AB25F30C580051FC7C /* Views */ = {
			isa = PBXGroup;
			children = (
				322A60AC25F30C6D0051FC7C /* TitleView.swift */,
				322A60B125F30C7B0051FC7C /* AuthView.swift */,
			);
			path = Views;
			sourceTree = "<group>";
		};
		32BBFFAB25F306B200CE4989 = {
			isa = PBXGroup;
			children = (
				322A609225F30A2D0051FC7C /* GoogleService-Info.plist */,
				32BBFFB625F306B200CE4989 /* Qlubb */,
				32BBFFC825F306B500CE4989 /* QlubbTests */,
				32BBFFD325F306B500CE4989 /* QlubbUITests */,
				32BBFFB525F306B200CE4989 /* Products */,
				EECE5E7E988B73AF2B78949B /* Pods */,
				1D5608E17355B5B934FC1417 /* Frameworks */,
			);
			sourceTree = "<group>";
		};
		32BBFFB525F306B200CE4989 /* Products */ = {
			isa = PBXGroup;
			children = (
				32BBFFB425F306B200CE4989 /* Qlubb.app */,
				32BBFFC525F306B500CE4989 /* QlubbTests.xctest */,
				32BBFFD025F306B500CE4989 /* QlubbUITests.xctest */,
			);
			name = Products;
			sourceTree = "<group>";
		};
		32BBFFB625F306B200CE4989 /* Qlubb */ = {
			isa = PBXGroup;
			children = (
				322A60AB25F30C580051FC7C /* Views */,
				32BBFFB725F306B200CE4989 /* QlubbApp.swift */,
				32BBFFB925F306B200CE4989 /* ContentView.swift */,
				32BBFFBB25F306B400CE4989 /* Assets.xcassets */,
				32BBFFC025F306B400CE4989 /* Info.plist */,
				32BBFFBD25F306B400CE4989 /* Preview Content */,
			);
			path = Qlubb;
			sourceTree = "<group>";
		};
		32BBFFBD25F306B400CE4989 /* Preview Content */ = {
			isa = PBXGroup;
			children = (
				32BBFFBE25F306B400CE4989 /* Preview Assets.xcassets */,
			);
			path = "Preview Content";
			sourceTree = "<group>";
		};
		32BBFFC825F306B500CE4989 /* QlubbTests */ = {
			isa = PBXGroup;
			children = (
				32BBFFC925F306B500CE4989 /* QlubbTests.swift */,
				32BBFFCB25F306B500CE4989 /* Info.plist */,
			);
			path = QlubbTests;
			sourceTree = "<group>";
		};
		32BBFFD325F306B500CE4989 /* QlubbUITests */ = {
			isa = PBXGroup;
			children = (
				32BBFFD425F306B500CE4989 /* QlubbUITests.swift */,
				32BBFFD625F306B500CE4989 /* Info.plist */,
			);
			path = QlubbUITests;
			sourceTree = "<group>";
		};
		EECE5E7E988B73AF2B78949B /* Pods */ = {
			isa = PBXGroup;
			children = (
				2F0514FCA4AFF233E11E6216 /* Pods-Qlubb.debug.xcconfig */,
				E205031403B4C8794C5F8BCE /* Pods-Qlubb.release.xcconfig */,
				DE9B6E73E2F1EBAB95C5DCE4 /* Pods-Qlubb-QlubbUITests.debug.xcconfig */,
				437AF3047D06E8B6C1920747 /* Pods-Qlubb-QlubbUITests.release.xcconfig */,
				B4815EDBBC2D27F83AA8168E /* Pods-QlubbTests.debug.xcconfig */,
				9A2A71C8BAFA6593AABD0D83 /* Pods-QlubbTests.release.xcconfig */,
			);
			path = Pods;
			sourceTree = "<group>";
		};
/* End PBXGroup section */

/* Begin PBXNativeTarget section */
		32BBFFB325F306B200CE4989 /* Qlubb */ = {
			isa = PBXNativeTarget;
			buildConfigurationList = 32BBFFD925F306B500CE4989 /* Build configuration list for PBXNativeTarget "Qlubb" */;
			buildPhases = (
				C79432358E2F08472BFBC9CF /* [CP] Check Pods Manifest.lock */,
				32BBFFB025F306B200CE4989 /* Sources */,
				32BBFFB125F306B200CE4989 /* Frameworks */,
				32BBFFB225F306B200CE4989 /* Resources */,
				530E476FB21D91E618BF0332 /* [CP] Embed Pods Frameworks */,
			);
			buildRules = (
			);
			dependencies = (
			);
			name = Qlubb;
			productName = Qlubb;
			productReference = 32BBFFB425F306B200CE4989 /* Qlubb.app */;
			productType = "com.apple.product-type.application";
		};
		32BBFFC425F306B500CE4989 /* QlubbTests */ = {
			isa = PBXNativeTarget;
			buildConfigurationList = 32BBFFDC25F306B500CE4989 /* Build configuration list for PBXNativeTarget "QlubbTests" */;
			buildPhases = (
				299ED3E559FEA323CAA4E87C /* [CP] Check Pods Manifest.lock */,
				32BBFFC125F306B500CE4989 /* Sources */,
				32BBFFC225F306B500CE4989 /* Frameworks */,
				32BBFFC325F306B500CE4989 /* Resources */,
			);
			buildRules = (
			);
			dependencies = (
				32BBFFC725F306B500CE4989 /* PBXTargetDependency */,
			);
			name = QlubbTests;
			productName = QlubbTests;
			productReference = 32BBFFC525F306B500CE4989 /* QlubbTests.xctest */;
			productType = "com.apple.product-type.bundle.unit-test";
		};
		32BBFFCF25F306B500CE4989 /* QlubbUITests */ = {
			isa = PBXNativeTarget;
			buildConfigurationList = 32BBFFDF25F306B500CE4989 /* Build configuration list for PBXNativeTarget "QlubbUITests" */;
			buildPhases = (
				1E15E61A143AA3FF90080CD1 /* [CP] Check Pods Manifest.lock */,
				32BBFFCC25F306B500CE4989 /* Sources */,
				32BBFFCD25F306B500CE4989 /* Frameworks */,
				32BBFFCE25F306B500CE4989 /* Resources */,
				E73000A3F96093B72BD27F54 /* [CP] Embed Pods Frameworks */,
			);
			buildRules = (
			);
			dependencies = (
				32BBFFD225F306B500CE4989 /* PBXTargetDependency */,
			);
			name = QlubbUITests;
			productName = QlubbUITests;
			productReference = 32BBFFD025F306B500CE4989 /* QlubbUITests.xctest */;
			productType = "com.apple.product-type.bundle.ui-testing";
		};
/* End PBXNativeTarget section */

/* Begin PBXProject section */
		32BBFFAC25F306B200CE4989 /* Project object */ = {
			isa = PBXProject;
			attributes = {
				LastSwiftUpdateCheck = 1240;
				LastUpgradeCheck = 1240;
				TargetAttributes = {
					32BBFFB325F306B200CE4989 = {
						CreatedOnToolsVersion = 12.4;
					};
					32BBFFC425F306B500CE4989 = {
						CreatedOnToolsVersion = 12.4;
						TestTargetID = 32BBFFB325F306B200CE4989;
					};
					32BBFFCF25F306B500CE4989 = {
						CreatedOnToolsVersion = 12.4;
						TestTargetID = 32BBFFB325F306B200CE4989;
					};
				};
			};
			buildConfigurationList = 32BBFFAF25F306B200CE4989 /* Build configuration list for PBXProject "Qlubb" */;
			compatibilityVersion = "Xcode 9.3";
			developmentRegion = en;
			hasScannedForEncodings = 0;
			knownRegions = (
				en,
				Base,
			);
			mainGroup = 32BBFFAB25F306B200CE4989;
			productRefGroup = 32BBFFB525F306B200CE4989 /* Products */;
			projectDirPath = "";
			projectRoot = "";
			targets = (
				32BBFFB325F306B200CE4989 /* Qlubb */,
				32BBFFC425F306B500CE4989 /* QlubbTests */,
				32BBFFCF25F306B500CE4989 /* QlubbUITests */,
			);
		};
/* End PBXProject section */

/* Begin PBXResourcesBuildPhase section */
		32BBFFB225F306B200CE4989 /* Resources */ = {
			isa = PBXResourcesBuildPhase;
			buildActionMask = 2147483647;
			files = (
				32BBFFBF25F306B400CE4989 /* Preview Assets.xcassets in Resources */,
				32BBFFBC25F306B400CE4989 /* Assets.xcassets in Resources */,
				322A609325F30A2D0051FC7C /* GoogleService-Info.plist in Resources */,
			);
			runOnlyForDeploymentPostprocessing = 0;
		};
		32BBFFC325F306B500CE4989 /* Resources */ = {
			isa = PBXResourcesBuildPhase;
			buildActionMask = 2147483647;
			files = (
			);
			runOnlyForDeploymentPostprocessing = 0;
		};
		32BBFFCE25F306B500CE4989 /* Resources */ = {
			isa = PBXResourcesBuildPhase;
			buildActionMask = 2147483647;
			files = (
			);
			runOnlyForDeploymentPostprocessing = 0;
		};
/* End PBXResourcesBuildPhase section */

/* Begin PBXShellScriptBuildPhase section */
		1E15E61A143AA3FF90080CD1 /* [CP] Check Pods Manifest.lock */ = {
			isa = PBXShellScriptBuildPhase;
			buildActionMask = 2147483647;
			files = (
			);
			inputFileListPaths = (
			);
			inputPaths = (
				"${PODS_PODFILE_DIR_PATH}/Podfile.lock",
				"${PODS_ROOT}/Manifest.lock",
			);
			name = "[CP] Check Pods Manifest.lock";
			outputFileListPaths = (
			);
			outputPaths = (
				"$(DERIVED_FILE_DIR)/Pods-Qlubb-QlubbUITests-checkManifestLockResult.txt",
			);
			runOnlyForDeploymentPostprocessing = 0;
			shellPath = /bin/sh;
			shellScript = "diff \"${PODS_PODFILE_DIR_PATH}/Podfile.lock\" \"${PODS_ROOT}/Manifest.lock\" > /dev/null\nif [ $? != 0 ] ; then\n    # print error to STDERR\n    echo \"error: The sandbox is not in sync with the Podfile.lock. Run 'pod install' or update your CocoaPods installation.\" >&2\n    exit 1\nfi\n# This output is used by Xcode 'outputs' to avoid re-running this script phase.\necho \"SUCCESS\" > \"${SCRIPT_OUTPUT_FILE_0}\"\n";
			showEnvVarsInLog = 0;
		};
		299ED3E559FEA323CAA4E87C /* [CP] Check Pods Manifest.lock */ = {
			isa = PBXShellScriptBuildPhase;
			buildActionMask = 2147483647;
			files = (
			);
			inputFileListPaths = (
			);
			inputPaths = (
				"${PODS_PODFILE_DIR_PATH}/Podfile.lock",
				"${PODS_ROOT}/Manifest.lock",
			);
			name = "[CP] Check Pods Manifest.lock";
			outputFileListPaths = (
			);
			outputPaths = (
				"$(DERIVED_FILE_DIR)/Pods-QlubbTests-checkManifestLockResult.txt",
			);
			runOnlyForDeploymentPostprocessing = 0;
			shellPath = /bin/sh;
			shellScript = "diff \"${PODS_PODFILE_DIR_PATH}/Podfile.lock\" \"${PODS_ROOT}/Manifest.lock\" > /dev/null\nif [ $? != 0 ] ; then\n    # print error to STDERR\n    echo \"error: The sandbox is not in sync with the Podfile.lock. Run 'pod install' or update your CocoaPods installation.\" >&2\n    exit 1\nfi\n# This output is used by Xcode 'outputs' to avoid re-running this script phase.\necho \"SUCCESS\" > \"${SCRIPT_OUTPUT_FILE_0}\"\n";
			showEnvVarsInLog = 0;
		};
		530E476FB21D91E618BF0332 /* [CP] Embed Pods Frameworks */ = {
			isa = PBXShellScriptBuildPhase;
			buildActionMask = 2147483647;
			files = (
			);
			inputFileListPaths = (
				"${PODS_ROOT}/Target Support Files/Pods-Qlubb/Pods-Qlubb-frameworks-${CONFIGURATION}-input-files.xcfilelist",
			);
			name = "[CP] Embed Pods Frameworks";
			outputFileListPaths = (
				"${PODS_ROOT}/Target Support Files/Pods-Qlubb/Pods-Qlubb-frameworks-${CONFIGURATION}-output-files.xcfilelist",
			);
			runOnlyForDeploymentPostprocessing = 0;
			shellPath = /bin/sh;
			shellScript = "\"${PODS_ROOT}/Target Support Files/Pods-Qlubb/Pods-Qlubb-frameworks.sh\"\n";
			showEnvVarsInLog = 0;
		};
		C79432358E2F08472BFBC9CF /* [CP] Check Pods Manifest.lock */ = {
			isa = PBXShellScriptBuildPhase;
			buildActionMask = 2147483647;
			files = (
			);
			inputFileListPaths = (
			);
			inputPaths = (
				"${PODS_PODFILE_DIR_PATH}/Podfile.lock",
				"${PODS_ROOT}/Manifest.lock",
			);
			name = "[CP] Check Pods Manifest.lock";
			outputFileListPaths = (
			);
			outputPaths = (
				"$(DERIVED_FILE_DIR)/Pods-Qlubb-checkManifestLockResult.txt",
			);
			runOnlyForDeploymentPostprocessing = 0;
			shellPath = /bin/sh;
			shellScript = "diff \"${PODS_PODFILE_DIR_PATH}/Podfile.lock\" \"${PODS_ROOT}/Manifest.lock\" > /dev/null\nif [ $? != 0 ] ; then\n    # print error to STDERR\n    echo \"error: The sandbox is not in sync with the Podfile.lock. Run 'pod install' or update your CocoaPods installation.\" >&2\n    exit 1\nfi\n# This output is used by Xcode 'outputs' to avoid re-running this script phase.\necho \"SUCCESS\" > \"${SCRIPT_OUTPUT_FILE_0}\"\n";
			showEnvVarsInLog = 0;
		};
		E73000A3F96093B72BD27F54 /* [CP] Embed Pods Frameworks */ = {
			isa = PBXShellScriptBuildPhase;
			buildActionMask = 2147483647;
			files = (
			);
			inputFileListPaths = (
				"${PODS_ROOT}/Target Support Files/Pods-Qlubb-QlubbUITests/Pods-Qlubb-QlubbUITests-frameworks-${CONFIGURATION}-input-files.xcfilelist",
			);
			name = "[CP] Embed Pods Frameworks";
			outputFileListPaths = (
				"${PODS_ROOT}/Target Support Files/Pods-Qlubb-QlubbUITests/Pods-Qlubb-QlubbUITests-frameworks-${CONFIGURATION}-output-files.xcfilelist",
			);
			runOnlyForDeploymentPostprocessing = 0;
			shellPath = /bin/sh;
			shellScript = "\"${PODS_ROOT}/Target Support Files/Pods-Qlubb-QlubbUITests/Pods-Qlubb-QlubbUITests-frameworks.sh\"\n";
			showEnvVarsInLog = 0;
		};
/* End PBXShellScriptBuildPhase section */

/* Begin PBXSourcesBuildPhase section */
		32BBFFB025F306B200CE4989 /* Sources */ = {
			isa = PBXSourcesBuildPhase;
			buildActionMask = 2147483647;
			files = (
				32BBFFBA25F306B200CE4989 /* ContentView.swift in Sources */,
				32BBFFB825F306B200CE4989 /* QlubbApp.swift in Sources */,
				322A60B225F30C7B0051FC7C /* AuthView.swift in Sources */,
				322A60AD25F30C6D0051FC7C /* TitleView.swift in Sources */,
			);
			runOnlyForDeploymentPostprocessing = 0;
		};
		32BBFFC125F306B500CE4989 /* Sources */ = {
			isa = PBXSourcesBuildPhase;
			buildActionMask = 2147483647;
			files = (
				32BBFFCA25F306B500CE4989 /* QlubbTests.swift in Sources */,
			);
			runOnlyForDeploymentPostprocessing = 0;
		};
		32BBFFCC25F306B500CE4989 /* Sources */ = {
			isa = PBXSourcesBuildPhase;
			buildActionMask = 2147483647;
			files = (
				32BBFFD525F306B500CE4989 /* QlubbUITests.swift in Sources */,
			);
			runOnlyForDeploymentPostprocessing = 0;
		};
/* End PBXSourcesBuildPhase section */

/* Begin PBXTargetDependency section */
		32BBFFC725F306B500CE4989 /* PBXTargetDependency */ = {
			isa = PBXTargetDependency;
			target = 32BBFFB325F306B200CE4989 /* Qlubb */;
			targetProxy = 32BBFFC625F306B500CE4989 /* PBXContainerItemProxy */;
		};
		32BBFFD225F306B500CE4989 /* PBXTargetDependency */ = {
			isa = PBXTargetDependency;
			target = 32BBFFB325F306B200CE4989 /* Qlubb */;
			targetProxy = 32BBFFD125F306B500CE4989 /* PBXContainerItemProxy */;
		};
/* End PBXTargetDependency section */

/* Begin XCBuildConfiguration section */
		32BBFFD725F306B500CE4989 /* Debug */ = {
			isa = XCBuildConfiguration;
			buildSettings = {
				ALWAYS_SEARCH_USER_PATHS = NO;
				CLANG_ANALYZER_NONNULL = YES;
				CLANG_ANALYZER_NUMBER_OBJECT_CONVERSION = YES_AGGRESSIVE;
				CLANG_CXX_LANGUAGE_STANDARD = "gnu++14";
				CLANG_CXX_LIBRARY = "libc++";
				CLANG_ENABLE_MODULES = YES;
				CLANG_ENABLE_OBJC_ARC = YES;
				CLANG_ENABLE_OBJC_WEAK = YES;
				CLANG_WARN_BLOCK_CAPTURE_AUTORELEASING = YES;
				CLANG_WARN_BOOL_CONVERSION = YES;
				CLANG_WARN_COMMA = YES;
				CLANG_WARN_CONSTANT_CONVERSION = YES;
				CLANG_WARN_DEPRECATED_OBJC_IMPLEMENTATIONS = YES;
				CLANG_WARN_DIRECT_OBJC_ISA_USAGE = YES_ERROR;
				CLANG_WARN_DOCUMENTATION_COMMENTS = YES;
				CLANG_WARN_EMPTY_BODY = YES;
				CLANG_WARN_ENUM_CONVERSION = YES;
				CLANG_WARN_INFINITE_RECURSION = YES;
				CLANG_WARN_INT_CONVERSION = YES;
				CLANG_WARN_NON_LITERAL_NULL_CONVERSION = YES;
				CLANG_WARN_OBJC_IMPLICIT_RETAIN_SELF = YES;
				CLANG_WARN_OBJC_LITERAL_CONVERSION = YES;
				CLANG_WARN_OBJC_ROOT_CLASS = YES_ERROR;
				CLANG_WARN_QUOTED_INCLUDE_IN_FRAMEWORK_HEADER = YES;
				CLANG_WARN_RANGE_LOOP_ANALYSIS = YES;
				CLANG_WARN_STRICT_PROTOTYPES = YES;
				CLANG_WARN_SUSPICIOUS_MOVE = YES;
				CLANG_WARN_UNGUARDED_AVAILABILITY = YES_AGGRESSIVE;
				CLANG_WARN_UNREACHABLE_CODE = YES;
				CLANG_WARN__DUPLICATE_METHOD_MATCH = YES;
				COPY_PHASE_STRIP = NO;
				DEBUG_INFORMATION_FORMAT = dwarf;
				ENABLE_STRICT_OBJC_MSGSEND = YES;
				ENABLE_TESTABILITY = YES;
				GCC_C_LANGUAGE_STANDARD = gnu11;
				GCC_DYNAMIC_NO_PIC = NO;
				GCC_NO_COMMON_BLOCKS = YES;
				GCC_OPTIMIZATION_LEVEL = 0;
				GCC_PREPROCESSOR_DEFINITIONS = (
					"DEBUG=1",
					"$(inherited)",
				);
				GCC_WARN_64_TO_32_BIT_CONVERSION = YES;
				GCC_WARN_ABOUT_RETURN_TYPE = YES_ERROR;
				GCC_WARN_UNDECLARED_SELECTOR = YES;
				GCC_WARN_UNINITIALIZED_AUTOS = YES_AGGRESSIVE;
				GCC_WARN_UNUSED_FUNCTION = YES;
				GCC_WARN_UNUSED_VARIABLE = YES;
				IPHONEOS_DEPLOYMENT_TARGET = 14.4;
				MTL_ENABLE_DEBUG_INFO = INCLUDE_SOURCE;
				MTL_FAST_MATH = YES;
				ONLY_ACTIVE_ARCH = YES;
				SDKROOT = iphoneos;
				SWIFT_ACTIVE_COMPILATION_CONDITIONS = DEBUG;
				SWIFT_OPTIMIZATION_LEVEL = "-Onone";
			};
			name = Debug;
		};
		32BBFFD825F306B500CE4989 /* Release */ = {
			isa = XCBuildConfiguration;
			buildSettings = {
				ALWAYS_SEARCH_USER_PATHS = NO;
				CLANG_ANALYZER_NONNULL = YES;
				CLANG_ANALYZER_NUMBER_OBJECT_CONVERSION = YES_AGGRESSIVE;
				CLANG_CXX_LANGUAGE_STANDARD = "gnu++14";
				CLANG_CXX_LIBRARY = "libc++";
				CLANG_ENABLE_MODULES = YES;
				CLANG_ENABLE_OBJC_ARC = YES;
				CLANG_ENABLE_OBJC_WEAK = YES;
				CLANG_WARN_BLOCK_CAPTURE_AUTORELEASING = YES;
				CLANG_WARN_BOOL_CONVERSION = YES;
				CLANG_WARN_COMMA = YES;
				CLANG_WARN_CONSTANT_CONVERSION = YES;
				CLANG_WARN_DEPRECATED_OBJC_IMPLEMENTATIONS = YES;
				CLANG_WARN_DIRECT_OBJC_ISA_USAGE = YES_ERROR;
				CLANG_WARN_DOCUMENTATION_COMMENTS = YES;
				CLANG_WARN_EMPTY_BODY = YES;
				CLANG_WARN_ENUM_CONVERSION = YES;
				CLANG_WARN_INFINITE_RECURSION = YES;
				CLANG_WARN_INT_CONVERSION = YES;
				CLANG_WARN_NON_LITERAL_NULL_CONVERSION = YES;
				CLANG_WARN_OBJC_IMPLICIT_RETAIN_SELF = YES;
				CLANG_WARN_OBJC_LITERAL_CONVERSION = YES;
				CLANG_WARN_OBJC_ROOT_CLASS = YES_ERROR;
				CLANG_WARN_QUOTED_INCLUDE_IN_FRAMEWORK_HEADER = YES;
				CLANG_WARN_RANGE_LOOP_ANALYSIS = YES;
				CLANG_WARN_STRICT_PROTOTYPES = YES;
				CLANG_WARN_SUSPICIOUS_MOVE = YES;
				CLANG_WARN_UNGUARDED_AVAILABILITY = YES_AGGRESSIVE;
				CLANG_WARN_UNREACHABLE_CODE = YES;
				CLANG_WARN__DUPLICATE_METHOD_MATCH = YES;
				COPY_PHASE_STRIP = NO;
				DEBUG_INFORMATION_FORMAT = "dwarf-with-dsym";
				ENABLE_NS_ASSERTIONS = NO;
				ENABLE_STRICT_OBJC_MSGSEND = YES;
				GCC_C_LANGUAGE_STANDARD = gnu11;
				GCC_NO_COMMON_BLOCKS = YES;
				GCC_WARN_64_TO_32_BIT_CONVERSION = YES;
				GCC_WARN_ABOUT_RETURN_TYPE = YES_ERROR;
				GCC_WARN_UNDECLARED_SELECTOR = YES;
				GCC_WARN_UNINITIALIZED_AUTOS = YES_AGGRESSIVE;
				GCC_WARN_UNUSED_FUNCTION = YES;
				GCC_WARN_UNUSED_VARIABLE = YES;
				IPHONEOS_DEPLOYMENT_TARGET = 14.4;
				MTL_ENABLE_DEBUG_INFO = NO;
				MTL_FAST_MATH = YES;
				SDKROOT = iphoneos;
				SWIFT_COMPILATION_MODE = wholemodule;
				SWIFT_OPTIMIZATION_LEVEL = "-O";
				VALIDATE_PRODUCT = YES;
			};
			name = Release;
		};
		32BBFFDA25F306B500CE4989 /* Debug */ = {
			isa = XCBuildConfiguration;
			baseConfigurationReference = 2F0514FCA4AFF233E11E6216 /* Pods-Qlubb.debug.xcconfig */;
			buildSettings = {
				ASSETCATALOG_COMPILER_APPICON_NAME = AppIcon;
				ASSETCATALOG_COMPILER_GLOBAL_ACCENT_COLOR_NAME = AccentColor;
				CODE_SIGN_STYLE = Automatic;
				DEVELOPMENT_ASSET_PATHS = "\"Qlubb/Preview Content\"";
				DEVELOPMENT_TEAM = 2W7LLA9UZK;
				ENABLE_PREVIEWS = YES;
				INFOPLIST_FILE = Qlubb/Info.plist;
				IPHONEOS_DEPLOYMENT_TARGET = 14.0;
				LD_RUNPATH_SEARCH_PATHS = (
					"$(inherited)",
					"@executable_path/Frameworks",
				);
				PRODUCT_BUNDLE_IDENTIFIER = qlubb.Qlubb;
				PRODUCT_NAME = "$(TARGET_NAME)";
				SWIFT_VERSION = 5.0;
				TARGETED_DEVICE_FAMILY = "1,2";
			};
			name = Debug;
		};
		32BBFFDB25F306B500CE4989 /* Release */ = {
			isa = XCBuildConfiguration;
			baseConfigurationReference = E205031403B4C8794C5F8BCE /* Pods-Qlubb.release.xcconfig */;
			buildSettings = {
				ASSETCATALOG_COMPILER_APPICON_NAME = AppIcon;
				ASSETCATALOG_COMPILER_GLOBAL_ACCENT_COLOR_NAME = AccentColor;
				CODE_SIGN_STYLE = Automatic;
				DEVELOPMENT_ASSET_PATHS = "\"Qlubb/Preview Content\"";
				DEVELOPMENT_TEAM = 2W7LLA9UZK;
				ENABLE_PREVIEWS = YES;
				INFOPLIST_FILE = Qlubb/Info.plist;
				IPHONEOS_DEPLOYMENT_TARGET = 14.0;
				LD_RUNPATH_SEARCH_PATHS = (
					"$(inherited)",
					"@executable_path/Frameworks",
				);
				PRODUCT_BUNDLE_IDENTIFIER = qlubb.Qlubb;
				PRODUCT_NAME = "$(TARGET_NAME)";
				SWIFT_VERSION = 5.0;
				TARGETED_DEVICE_FAMILY = "1,2";
			};
			name = Release;
		};
		32BBFFDD25F306B500CE4989 /* Debug */ = {
			isa = XCBuildConfiguration;
			baseConfigurationReference = B4815EDBBC2D27F83AA8168E /* Pods-QlubbTests.debug.xcconfig */;
			buildSettings = {
				ALWAYS_EMBED_SWIFT_STANDARD_LIBRARIES = YES;
				BUNDLE_LOADER = "$(TEST_HOST)";
				CODE_SIGN_STYLE = Automatic;
				DEVELOPMENT_TEAM = 2W7LLA9UZK;
				INFOPLIST_FILE = QlubbTests/Info.plist;
				IPHONEOS_DEPLOYMENT_TARGET = 14.0;
				LD_RUNPATH_SEARCH_PATHS = (
					"$(inherited)",
					"@executable_path/Frameworks",
					"@loader_path/Frameworks",
				);
				PRODUCT_BUNDLE_IDENTIFIER = qlubb.QlubbTests;
				PRODUCT_NAME = "$(TARGET_NAME)";
				SWIFT_VERSION = 5.0;
				TARGETED_DEVICE_FAMILY = "1,2";
				TEST_HOST = "$(BUILT_PRODUCTS_DIR)/Qlubb.app/Qlubb";
			};
			name = Debug;
		};
		32BBFFDE25F306B500CE4989 /* Release */ = {
			isa = XCBuildConfiguration;
			baseConfigurationReference = 9A2A71C8BAFA6593AABD0D83 /* Pods-QlubbTests.release.xcconfig */;
			buildSettings = {
				ALWAYS_EMBED_SWIFT_STANDARD_LIBRARIES = YES;
				BUNDLE_LOADER = "$(TEST_HOST)";
				CODE_SIGN_STYLE = Automatic;
				DEVELOPMENT_TEAM = 2W7LLA9UZK;
				INFOPLIST_FILE = QlubbTests/Info.plist;
				IPHONEOS_DEPLOYMENT_TARGET = 14.0;
				LD_RUNPATH_SEARCH_PATHS = (
					"$(inherited)",
					"@executable_path/Frameworks",
					"@loader_path/Frameworks",
				);
				PRODUCT_BUNDLE_IDENTIFIER = qlubb.QlubbTests;
				PRODUCT_NAME = "$(TARGET_NAME)";
				SWIFT_VERSION = 5.0;
				TARGETED_DEVICE_FAMILY = "1,2";
				TEST_HOST = "$(BUILT_PRODUCTS_DIR)/Qlubb.app/Qlubb";
			};
			name = Release;
		};
		32BBFFE025F306B500CE4989 /* Debug */ = {
			isa = XCBuildConfiguration;
			baseConfigurationReference = DE9B6E73E2F1EBAB95C5DCE4 /* Pods-Qlubb-QlubbUITests.debug.xcconfig */;
			buildSettings = {
				ALWAYS_EMBED_SWIFT_STANDARD_LIBRARIES = YES;
				CODE_SIGN_STYLE = Automatic;
				DEVELOPMENT_TEAM = 2W7LLA9UZK;
				INFOPLIST_FILE = QlubbUITests/Info.plist;
				LD_RUNPATH_SEARCH_PATHS = (
					"$(inherited)",
					"@executable_path/Frameworks",
					"@loader_path/Frameworks",
				);
				PRODUCT_BUNDLE_IDENTIFIER = qlubb.QlubbUITests;
				PRODUCT_NAME = "$(TARGET_NAME)";
				SWIFT_VERSION = 5.0;
				TARGETED_DEVICE_FAMILY = "1,2";
				TEST_TARGET_NAME = Qlubb;
			};
			name = Debug;
		};
		32BBFFE125F306B500CE4989 /* Release */ = {
			isa = XCBuildConfiguration;
			baseConfigurationReference = 437AF3047D06E8B6C1920747 /* Pods-Qlubb-QlubbUITests.release.xcconfig */;
			buildSettings = {
				ALWAYS_EMBED_SWIFT_STANDARD_LIBRARIES = YES;
				CODE_SIGN_STYLE = Automatic;
				DEVELOPMENT_TEAM = 2W7LLA9UZK;
				INFOPLIST_FILE = QlubbUITests/Info.plist;
				LD_RUNPATH_SEARCH_PATHS = (
					"$(inherited)",
					"@executable_path/Frameworks",
					"@loader_path/Frameworks",
				);
				PRODUCT_BUNDLE_IDENTIFIER = qlubb.QlubbUITests;
				PRODUCT_NAME = "$(TARGET_NAME)";
				SWIFT_VERSION = 5.0;
				TARGETED_DEVICE_FAMILY = "1,2";
				TEST_TARGET_NAME = Qlubb;
			};
			name = Release;
		};
/* End XCBuildConfiguration section */

/* Begin XCConfigurationList section */
		32BBFFAF25F306B200CE4989 /* Build configuration list for PBXProject "Qlubb" */ = {
			isa = XCConfigurationList;
			buildConfigurations = (
				32BBFFD725F306B500CE4989 /* Debug */,
				32BBFFD825F306B500CE4989 /* Release */,
			);
			defaultConfigurationIsVisible = 0;
			defaultConfigurationName = Release;
		};
		32BBFFD925F306B500CE4989 /* Build configuration list for PBXNativeTarget "Qlubb" */ = {
			isa = XCConfigurationList;
			buildConfigurations = (
				32BBFFDA25F306B500CE4989 /* Debug */,
				32BBFFDB25F306B500CE4989 /* Release */,
			);
			defaultConfigurationIsVisible = 0;
			defaultConfigurationName = Release;
		};
		32BBFFDC25F306B500CE4989 /* Build configuration list for PBXNativeTarget "QlubbTests" */ = {
			isa = XCConfigurationList;
			buildConfigurations = (
				32BBFFDD25F306B500CE4989 /* Debug */,
				32BBFFDE25F306B500CE4989 /* Release */,
			);
			defaultConfigurationIsVisible = 0;
			defaultConfigurationName = Release;
		};
		32BBFFDF25F306B500CE4989 /* Build configuration list for PBXNativeTarget "QlubbUITests" */ = {
			isa = XCConfigurationList;
			buildConfigurations = (
				32BBFFE025F306B500CE4989 /* Debug */,
				32BBFFE125F306B500CE4989 /* Release */,
			);
			defaultConfigurationIsVisible = 0;
			defaultConfigurationName = Release;
		};
/* End XCConfigurationList section */
	};
	rootObject = 32BBFFAC25F306B200CE4989 /* Project object */;
}
